{
    "_readme": [
        "This file locks the dependencies of your project to a known state",
        "Read more about it at https://getcomposer.org/doc/01-basic-usage.md#installing-dependencies",
        "This file is @generated automatically"
    ],
    "content-hash": "088a124ea6e02d940d42674430c0b6aa",
    "packages": [],
    "packages-dev": [
        {
            "name": "heroku/heroku-buildpack-php",
            "version": "v263",
            "source": {
                "type": "git",
                "url": "https://github.com/heroku/heroku-buildpack-php.git",
                "reference": "48b1bfbe1ed46681ce0129e6ba61d11765faf8f6"
            },
            "dist": {
                "type": "zip",
                "url": "https://api.github.com/repos/heroku/heroku-buildpack-php/zipball/48b1bfbe1ed46681ce0129e6ba61d11765faf8f6",
                "reference": "48b1bfbe1ed46681ce0129e6ba61d11765faf8f6",
                "shasum": ""
            },
            "bin": [
                "bin/heroku-php-apache2",
                "bin/heroku-php-nginx"
            ],
            "type": "library",
            "notification-url": "https://packagist.org/downloads/",
            "license": [
                "MIT"
            ],
            "authors": [
                {
                    "name": "David Zuelke",
                    "email": "dz@heroku.com"
                }
            ],
            "description": "Toolkit for starting a PHP application locally, with or without foreman, using the same config for PHP and Apache2/Nginx as on Heroku",
            "homepage": "https://github.com/heroku/heroku-buildpack-php",
            "keywords": [
                "apache",
                "apache2",
                "foreman",
                "heroku",
                "nginx",
                "php"
            ],
            "support": {
                "issues": "https://github.com/heroku/heroku-buildpack-php/issues",
                "source": "https://github.com/heroku/heroku-buildpack-php/tree/v263"
            },
            "time": "2025-02-14T21:41:47+00:00"
        }
    ],
    "aliases": [],
    "minimum-stability": "stable",
    "stability-flags": {},
    "prefer-stable": false,
    "prefer-lowest": false,
    "platform": {
        "php": "^8.0",
        "ext-pdo": "*",
        "ext-mysqli": "*"
    },
    "platform-dev": {},
    "plugin-api-version": "2.6.0"
}
